// !$*UTF8*$!
{
	archiveVersion = 1;
	classes = {
	};
	objectVersion = 50;
	objects = {

/* Begin PBXBuildFile section */
		38337A152689DF4600CF3FE8 /* AppDelegate.swift in Sources */ = {isa = PBXBuildFile; fileRef = 38337A142689DF4600CF3FE8 /* AppDelegate.swift */; };
		38337A172689DF4600CF3FE8 /* SceneDelegate.swift in Sources */ = {isa = PBXBuildFile; fileRef = 38337A162689DF4600CF3FE8 /* SceneDelegate.swift */; };
		38337A192689DF4600CF3FE8 /* ViewController.swift in Sources */ = {isa = PBXBuildFile; fileRef = 38337A182689DF4600CF3FE8 /* ViewController.swift */; };
		38337A1C2689DF4600CF3FE8 /* Main.storyboard in Resources */ = {isa = PBXBuildFile; fileRef = 38337A1A2689DF4600CF3FE8 /* Main.storyboard */; };
		38337A1E2689DF4700CF3FE8 /* Assets.xcassets in Resources */ = {isa = PBXBuildFile; fileRef = 38337A1D2689DF4700CF3FE8 /* Assets.xcassets */; };
		38337A212689DF4700CF3FE8 /* LaunchScreen.storyboard in Resources */ = {isa = PBXBuildFile; fileRef = 38337A1F2689DF4700CF3FE8 /* LaunchScreen.storyboard */; };
/* End PBXBuildFile section */

/* Begin PBXFileReference section */
		38337A112689DF4600CF3FE8 /* 2 Dogs or Cats list.app */ = {isa = PBXFileReference; explicitFileType = wrapper.application; includeInIndex = 0; path = "2 Dogs or Cats list.app"; sourceTree = BUILT_PRODUCTS_DIR; };
		38337A142689DF4600CF3FE8 /* AppDelegate.swift */ = {isa = PBXFileReference; lastKnownFileType = sourcecode.swift; path = AppDelegate.swift; sourceTree = "<group>"; };
		38337A162689DF4600CF3FE8 /* SceneDelegate.swift */ = {isa = PBXFileReference; lastKnownFileType = sourcecode.swift; path = SceneDelegate.swift; sourceTree = "<group>"; };
		38337A182689DF4600CF3FE8 /* ViewController.swift */ = {isa = PBXFileReference; lastKnownFileType = sourcecode.swift; path = ViewController.swift; sourceTree = "<group>"; };
		38337A1B2689DF4600CF3FE8 /* Base */ = {isa = PBXFileReference; lastKnownFileType = file.storyboard; name = Base; path = Base.lproj/Main.storyboard; sourceTree = "<group>"; };
		38337A1D2689DF4700CF3FE8 /* Assets.xcassets */ = {isa = PBXFileReference; lastKnownFileType = folder.assetcatalog; path = Assets.xcassets; sourceTree = "<group>"; };
		38337A202689DF4700CF3FE8 /* Base */ = {isa = PBXFileReference; lastKnownFileType = file.storyboard; name = Base; path = Base.lproj/LaunchScreen.storyboard; sourceTree = "<group>"; };
		38337A222689DF4700CF3FE8 /* Info.plist */ = {isa = PBXFileReference; lastKnownFileType = text.plist.xml; path = Info.plist; sourceTree = "<group>"; };
/* End PBXFileReference section */

/* Begin PBXFrameworksBuildPhase section */
		38337A0E2689DF4600CF3FE8 /* Frameworks */ = {
			isa = PBXFrameworksBuildPhase;
			buildActionMask = 2147483647;
			files = (
			);
			runOnlyForDeploymentPostprocessing = 0;
		};
/* End PBXFrameworksBuildPhase section */

/* Begin PBXGroup section */
		38337A082689DF4600CF3FE8 = {
			isa = PBXGroup;
			children = (
				38337A132689DF4600CF3FE8 /* 2 Dogs or Cats list */,
				38337A122689DF4600CF3FE8 /* Products */,
			);
			sourceTree = "<group>";
		};
		38337A122689DF4600CF3FE8 /* Products */ = {
			isa = PBXGroup;
			children = (
				38337A112689DF4600CF3FE8 /* 2 Dogs or Cats list.app */,
			);
			name = Products;
			sourceTree = "<group>";
		};
		38337A132689DF4600CF3FE8 /* 2 Dogs or Cats list */ = {
			isa = PBXGroup;
			children = (
				38337A142689DF4600CF3FE8 /* AppDelegate.swift */,
				38337A162689DF4600CF3FE8 /* SceneDelegate.swift */,
				38337A182689DF4600CF3FE8 /* ViewController.swift */,
				38337A1A2689DF4600CF3FE8 /* Main.storyboard */,
				38337A1D2689DF4700CF3FE8 /* Assets.xcassets */,
				38337A1F2689DF4700CF3FE8 /* LaunchScreen.storyboard */,
				38337A222689DF4700CF3FE8 /* Info.plist */,
			);
			path = "2 Dogs or Cats list";
			sourceTree = "<group>";
		};
/* End PBXGroup section */

/* Begin PBXNativeTarget section */
		38337A102689DF4600CF3FE8 /* 2 Dogs or Cats list */ = {
			isa = PBXNativeTarget;
			buildConfigurationList = 38337A252689DF4700CF3FE8 /* Build configuration list for PBXNativeTarget "2 Dogs or Cats list" */;
			buildPhases = (
				38337A0D2689DF4600CF3FE8 /* Sources */,
				38337A0E2689DF4600CF3FE8 /* Frameworks */,
				38337A0F2689DF4600CF3FE8 /* Resources */,
			);
			buildRules = (
			);
			dependencies = (
			);
			name = "2 Dogs or Cats list";
			productName = "2 Dogs or Cats list";
			productReference = 38337A112689DF4600CF3FE8 /* 2 Dogs or Cats list.app */;
			productType = "com.apple.product-type.application";
		};
/* End PBXNativeTarget section */

/* Begin PBXProject section */
		38337A092689DF4600CF3FE8 /* Project object */ = {
			isa = PBXProject;
			attributes = {
				LastSwiftUpdateCheck = 1250;
				LastUpgradeCheck = 1250;
				TargetAttributes = {
					38337A102689DF4600CF3FE8 = {
						CreatedOnToolsVersion = 12.5;
					};
				};
			};
			buildConfigurationList = 38337A0C2689DF4600CF3FE8 /* Build configuration list for PBXProject "2 Dogs or Cats list" */;
			compatibilityVersion = "Xcode 9.3";
			developmentRegion = en;
			hasScannedForEncodings = 0;
			knownRegions = (
				en,
				Base,
			);
			mainGroup = 38337A082689DF4600CF3FE8;
			productRefGroup = 38337A122689DF4600CF3FE8 /* Products */;
			projectDirPath = "";
			projectRoot = "";
			targets = (
				38337A102689DF4600CF3FE8 /* 2 Dogs or Cats list */,
			);
		};
/* End PBXProject section */

/* Begin PBXResourcesBuildPhase section */
		38337A0F2689DF4600CF3FE8 /* Resources */ = {
			isa = PBXResourcesBuildPhase;
			buildActionMask = 2147483647;
			files = (
				38337A212689DF4700CF3FE8 /* LaunchScreen.storyboard in Resources */,
				38337A1E2689DF4700CF3FE8 /* Assets.xcassets in Resources */,
				38337A1C2689DF4600CF3FE8 /* Main.storyboard in Resources */,
			);
			runOnlyForDeploymentPostprocessing = 0;
		};
/* End PBXResourcesBuildPhase section */

/* Begin PBXSourcesBuildPhase section */
		38337A0D2689DF4600CF3FE8 /* Sources */ = {
			isa = PBXSourcesBuildPhase;
			buildActionMask = 2147483647;
			files = (
				38337A192689DF4600CF3FE8 /* ViewController.swift in Sources */,
				38337A152689DF4600CF3FE8 /* AppDelegate.swift in Sources */,
				38337A172689DF4600CF3FE8 /* SceneDelegate.swift in Sources */,
			);
			runOnlyForDeploymentPostprocessing = 0;
		};
/* End PBXSourcesBuildPhase section */

/* Begin PBXVariantGroup section */
		38337A1A2689DF4600CF3FE8 /* Main.storyboard */ = {
			isa = PBXVariantGroup;
			children = (
				38337A1B2689DF4600CF3FE8 /* Base */,
			);
			name = Main.storyboard;
			sourceTree = "<group>";
		};
		38337A1F2689DF4700CF3FE8 /* LaunchScreen.storyboard */ = {
			isa = PBXVariantGroup;
			children = (
				38337A202689DF4700CF3FE8 /* Base */,
			);
			name = LaunchScreen.storyboard;
			sourceTree = "<group>";
		};
/* End PBXVariantGroup section */

/* Begin XCBuildConfiguration section */
		38337A232689DF4700CF3FE8 /* Debug */ = {
			isa = XCBuildConfiguration;
			buildSettings = {
				ALWAYS_SEARCH_USER_PATHS = NO;
				CLANG_ANALYZER_NONNULL = YES;
				CLANG_ANALYZER_NUMBER_OBJECT_CONVERSION = YES_AGGRESSIVE;
				CLANG_CXX_LANGUAGE_STANDARD = "gnu++14";
				CLANG_CXX_LIBRARY = "libc++";
				CLANG_ENABLE_MODULES = YES;
				CLANG_ENABLE_OBJC_ARC = YES;
				CLANG_ENABLE_OBJC_WEAK = YES;
				CLANG_WARN_BLOCK_CAPTURE_AUTORELEASING = YES;
				CLANG_WARN_BOOL_CONVERSION = YES;
				CLANG_WARN_COMMA = YES;
				CLANG_WARN_CONSTANT_CONVERSION = YES;
				CLANG_WARN_DEPRECATED_OBJC_IMPLEMENTATIONS = YES;
				CLANG_WARN_DIRECT_OBJC_ISA_USAGE = YES_ERROR;
				CLANG_WARN_DOCUMENTATION_COMMENTS = YES;
				CLANG_WARN_EMPTY_BODY = YES;
				CLANG_WARN_ENUM_CONVERSION = YES;
				CLANG_WARN_INFINITE_RECURSION = YES;
				CLANG_WARN_INT_CONVERSION = YES;
				CLANG_WARN_NON_LITERAL_NULL_CONVERSION = YES;
				CLANG_WARN_OBJC_IMPLICIT_RETAIN_SELF = YES;
				CLANG_WARN_OBJC_LITERAL_CONVERSION = YES;
				CLANG_WARN_OBJC_ROOT_CLASS = YES_ERROR;
				CLANG_WARN_QUOTED_INCLUDE_IN_FRAMEWORK_HEADER = YES;
				CLANG_WARN_RANGE_LOOP_ANALYSIS = YES;
				CLANG_WARN_STRICT_PROTOTYPES = YES;
				CLANG_WARN_SUSPICIOUS_MOVE = YES;
				CLANG_WARN_UNGUARDED_AVAILABILITY = YES_AGGRESSIVE;
				CLANG_WARN_UNREACHABLE_CODE = YES;
				CLANG_WARN__DUPLICATE_METHOD_MATCH = YES;
				COPY_PHASE_STRIP = NO;
				DEBUG_INFORMATION_FORMAT = dwarf;
				ENABLE_STRICT_OBJC_MSGSEND = YES;
				ENABLE_TESTABILITY = YES;
				GCC_C_LANGUAGE_STANDARD = gnu11;
				GCC_DYNAMIC_NO_PIC = NO;
				GCC_NO_COMMON_BLOCKS = YES;
				GCC_OPTIMIZATION_LEVEL = 0;
				GCC_PREPROCESSOR_DEFINITIONS = (
					"DEBUG=1",
					"$(inherited)",
				);
				GCC_WARN_64_TO_32_BIT_CONVERSION = YES;
				GCC_WARN_ABOUT_RETURN_TYPE = YES_ERROR;
				GCC_WARN_UNDECLARED_SELECTOR = YES;
				GCC_WARN_UNINITIALIZED_AUTOS = YES_AGGRESSIVE;
				GCC_WARN_UNUSED_FUNCTION = YES;
				GCC_WARN_UNUSED_VARIABLE = YES;
				IPHONEOS_DEPLOYMENT_TARGET = 14.5;
				MTL_ENABLE_DEBUG_INFO = INCLUDE_SOURCE;
				MTL_FAST_MATH = YES;
				ONLY_ACTIVE_ARCH = YES;
				SDKROOT = iphoneos;
				SWIFT_ACTIVE_COMPILATION_CONDITIONS = DEBUG;
				SWIFT_OPTIMIZATION_LEVEL = "-Onone";
			};
			name = Debug;
		};
		38337A242689DF4700CF3FE8 /* Release */ = {
			isa = XCBuildConfiguration;
			buildSettings = {
				ALWAYS_SEARCH_USER_PATHS = NO;
				CLANG_ANALYZER_NONNULL = YES;
				CLANG_ANALYZER_NUMBER_OBJECT_CONVERSION = YES_AGGRESSIVE;
				CLANG_CXX_LANGUAGE_STANDARD = "gnu++14";
				CLANG_CXX_LIBRARY = "libc++";
				CLANG_ENABLE_MODULES = YES;
				CLANG_ENABLE_OBJC_ARC = YES;
				CLANG_ENABLE_OBJC_WEAK = YES;
				CLANG_WARN_BLOCK_CAPTURE_AUTORELEASING = YES;
				CLANG_WARN_BOOL_CONVERSION = YES;
				CLANG_WARN_COMMA = YES;
				CLANG_WARN_CONSTANT_CONVERSION = YES;
				CLANG_WARN_DEPRECATED_OBJC_IMPLEMENTATIONS = YES;
				CLANG_WARN_DIRECT_OBJC_ISA_USAGE = YES_ERROR;
				CLANG_WARN_DOCUMENTATION_COMMENTS = YES;
				CLANG_WARN_EMPTY_BODY = YES;
				CLANG_WARN_ENUM_CONVERSION = YES;
				CLANG_WARN_INFINITE_RECURSION = YES;
				CLANG_WARN_INT_CONVERSION = YES;
				CLANG_WARN_NON_LITERAL_NULL_CONVERSION = YES;
				CLANG_WARN_OBJC_IMPLICIT_RETAIN_SELF = YES;
				CLANG_WARN_OBJC_LITERAL_CONVERSION = YES;
				CLANG_WARN_OBJC_ROOT_CLASS = YES_ERROR;
				CLANG_WARN_QUOTED_INCLUDE_IN_FRAMEWORK_HEADER = YES;
				CLANG_WARN_RANGE_LOOP_ANALYSIS = YES;
				CLANG_WARN_STRICT_PROTOTYPES = YES;
				CLANG_WARN_SUSPICIOUS_MOVE = YES;
				CLANG_WARN_UNGUARDED_AVAILABILITY = YES_AGGRESSIVE;
				CLANG_WARN_UNREACHABLE_CODE = YES;
				CLANG_WARN__DUPLICATE_METHOD_MATCH = YES;
				COPY_PHASE_STRIP = NO;
				DEBUG_INFORMATION_FORMAT = "dwarf-with-dsym";
				ENABLE_NS_ASSERTIONS = NO;
				ENABLE_STRICT_OBJC_MSGSEND = YES;
				GCC_C_LANGUAGE_STANDARD = gnu11;
				GCC_NO_COMMON_BLOCKS = YES;
				GCC_WARN_64_TO_32_BIT_CONVERSION = YES;
				GCC_WARN_ABOUT_RETURN_TYPE = YES_ERROR;
				GCC_WARN_UNDECLARED_SELECTOR = YES;
				GCC_WARN_UNINITIALIZED_AUTOS = YES_AGGRESSIVE;
				GCC_WARN_UNUSED_FUNCTION = YES;
				GCC_WARN_UNUSED_VARIABLE = YES;
				IPHONEOS_DEPLOYMENT_TARGET = 14.5;
				MTL_ENABLE_DEBUG_INFO = NO;
				MTL_FAST_MATH = YES;
				SDKROOT = iphoneos;
				SWIFT_COMPILATION_MODE = wholemodule;
				SWIFT_OPTIMIZATION_LEVEL = "-O";
				VALIDATE_PRODUCT = YES;
			};
			name = Release;
		};
		38337A262689DF4700CF3FE8 /* Debug */ = {
			isa = XCBuildConfiguration;
			buildSettings = {
				ASSETCATALOG_COMPILER_APPICON_NAME = AppIcon;
				ASSETCATALOG_COMPILER_GLOBAL_ACCENT_COLOR_NAME = AccentColor;
				CODE_SIGN_STYLE = Automatic;
				DEVELOPMENT_TEAM = C4XLA83D58;
				INFOPLIST_FILE = "2 Dogs or Cats list/Info.plist";
				LD_RUNPATH_SEARCH_PATHS = (
					"$(inherited)",
					"@executable_path/Frameworks",
				);
				PRODUCT_BUNDLE_IDENTIFIER = "com.krasheninnikov.--Dogs-or-Cats-list";
				PRODUCT_NAME = "$(TARGET_NAME)";
				SWIFT_VERSION = 5.0;
				TARGETED_DEVICE_FAMILY = "1,2";
			};
			name = Debug;
		};
		38337A272689DF4700CF3FE8 /* Release */ = {
			isa = XCBuildConfiguration;
			buildSettings = {
				ASSETCATALOG_COMPILER_APPICON_NAME = AppIcon;
				ASSETCATALOG_COMPILER_GLOBAL_ACCENT_COLOR_NAME = AccentColor;
				CODE_SIGN_STYLE = Automatic;
				DEVELOPMENT_TEAM = C4XLA83D58;
				INFOPLIST_FILE = "2 Dogs or Cats list/Info.plist";
				LD_RUNPATH_SEARCH_PATHS = (
					"$(inherited)",
					"@executable_path/Frameworks",
				);
				PRODUCT_BUNDLE_IDENTIFIER = "com.krasheninnikov.--Dogs-or-Cats-list";
				PRODUCT_NAME = "$(TARGET_NAME)";
				SWIFT_VERSION = 5.0;
				TARGETED_DEVICE_FAMILY = "1,2";
			};
			name = Release;
		};
/* End XCBuildConfiguration section */

/* Begin XCConfigurationList section */
		38337A0C2689DF4600CF3FE8 /* Build configuration list for PBXProject "2 Dogs or Cats list" */ = {
			isa = XCConfigurationList;
			buildConfigurations = (
				38337A232689DF4700CF3FE8 /* Debug */,
				38337A242689DF4700CF3FE8 /* Release */,
			);
			defaultConfigurationIsVisible = 0;
			defaultConfigurationName = Release;
		};
		38337A252689DF4700CF3FE8 /* Build configuration list for PBXNativeTarget "2 Dogs or Cats list" */ = {
			isa = XCConfigurationList;
			buildConfigurations = (
				38337A262689DF4700CF3FE8 /* Debug */,
				38337A272689DF4700CF3FE8 /* Release */,
			);
			defaultConfigurationIsVisible = 0;
			defaultConfigurationName = Release;
		};
/* End XCConfigurationList section */
	};
	rootObject = 38337A092689DF4600CF3FE8 /* Project object */;
}
